
Microsoft Visual Studio Solution File, Format Version 12.00
Project("{2150E333-8FDC-42A3-9474-1A3956D46DE8}") = "Clients", "Clients", "{31DAB2C9-9F39-44E3-A729-1177416F9D9A}"
EndProject
Project("{2150E333-8FDC-42A3-9474-1A3956D46DE8}") = "Desktop", "Desktop", "{EE9364B8-972D-4A9C-8A34-66185C31D40E}"
EndProject
Project("{FAE04EC0-301F-11D3-BF4B-00C04F79EFBC}") = "Gamification.Desktop.UI", "Gamification.Desktop.UI\Gamification.Desktop.UI.csproj", "{7A0400A0-EC45-44A5-8BD3-00C9899527CE}"
EndProject
Project("{2150E333-8FDC-42A3-9474-1A3956D46DE8}") = "Backend", "Backend", "{27B89846-A96B-4096-B00C-9DD030E0C49E}"
EndProject
Project("{FAE04EC0-301F-11D3-BF4B-00C04F79EFBC}") = "Gamification.Core", "Gamification.Core\Gamification.Core.csproj", "{AF1EB913-FFC0-4B10-AE21-C29E3360AB15}"
EndProject
Project("{FAE04EC0-301F-11D3-BF4B-00C04F79EFBC}") = "Gamification.Infrastructure", "Gamification.Infrastructure\Gamification.Infrastructure.csproj", "{721E2459-1AFF-4312-B4F4-34CA440FD2E7}"
EndProject
Project("{FAE04EC0-301F-11D3-BF4B-00C04F79EFBC}") = "Gamification.WebAPI", "Gamification.WebAPI\Gamification.WebAPI.csproj", "{97B448DF-3B36-4B2F-8F7D-8004E4E11FAE}"
EndProject
Global
	GlobalSection(SolutionConfigurationPlatforms) = preSolution
		Debug|Any CPU = Debug|Any CPU
		Release|Any CPU = Release|Any CPU
	EndGlobalSection
	GlobalSection(NestedProjects) = preSolution
		{EE9364B8-972D-4A9C-8A34-66185C31D40E} = {31DAB2C9-9F39-44E3-A729-1177416F9D9A}
		{7A0400A0-EC45-44A5-8BD3-00C9899527CE} = {EE9364B8-972D-4A9C-8A34-66185C31D40E}
		{AF1EB913-FFC0-4B10-AE21-C29E3360AB15} = {27B89846-A96B-4096-B00C-9DD030E0C49E}
		{721E2459-1AFF-4312-B4F4-34CA440FD2E7} = {27B89846-A96B-4096-B00C-9DD030E0C49E}
		{97B448DF-3B36-4B2F-8F7D-8004E4E11FAE} = {27B89846-A96B-4096-B00C-9DD030E0C49E}
	EndGlobalSection
	GlobalSection(ProjectConfigurationPlatforms) = postSolution
		{7A0400A0-EC45-44A5-8BD3-00C9899527CE}.Debug|Any CPU.ActiveCfg = Debug|Any CPU
		{7A0400A0-EC45-44A5-8BD3-00C9899527CE}.Debug|Any CPU.Build.0 = Debug|Any CPU
		{7A0400A0-EC45-44A5-8BD3-00C9899527CE}.Release|Any CPU.ActiveCfg = Release|Any CPU
		{7A0400A0-EC45-44A5-8BD3-00C9899527CE}.Release|Any CPU.Build.0 = Release|Any CPU
		{AF1EB913-FFC0-4B10-AE21-C29E3360AB15}.Debug|Any CPU.ActiveCfg = Debug|Any CPU
		{AF1EB913-FFC0-4B10-AE21-C29E3360AB15}.Debug|Any CPU.Build.0 = Debug|Any CPU
		{AF1EB913-FFC0-4B10-AE21-C29E3360AB15}.Release|Any CPU.ActiveCfg = Release|Any CPU
		{AF1EB913-FFC0-4B10-AE21-C29E3360AB15}.Release|Any CPU.Build.0 = Release|Any CPU
		{721E2459-1AFF-4312-B4F4-34CA440FD2E7}.Debug|Any CPU.ActiveCfg = Debug|Any CPU
		{721E2459-1AFF-4312-B4F4-34CA440FD2E7}.Debug|Any CPU.Build.0 = Debug|Any CPU
		{721E2459-1AFF-4312-B4F4-34CA440FD2E7}.Release|Any CPU.ActiveCfg = Release|Any CPU
		{721E2459-1AFF-4312-B4F4-34CA440FD2E7}.Release|Any CPU.Build.0 = Release|Any CPU
		{97B448DF-3B36-4B2F-8F7D-8004E4E11FAE}.Debug|Any CPU.ActiveCfg = Debug|Any CPU
		{97B448DF-3B36-4B2F-8F7D-8004E4E11FAE}.Debug|Any CPU.Build.0 = Debug|Any CPU
		{97B448DF-3B36-4B2F-8F7D-8004E4E11FAE}.Release|Any CPU.ActiveCfg = Release|Any CPU
		{97B448DF-3B36-4B2F-8F7D-8004E4E11FAE}.Release|Any CPU.Build.0 = Release|Any CPU
	EndGlobalSection
EndGlobal
